
Microsoft Visual Studio Solution File, Format Version 12.00
# Visual Studio Version 16
VisualStudioVersion = 16.0.30320.27
MinimumVisualStudioVersion = 10.0.40219.1
Project("{FAE04EC0-301F-11D3-BF4B-00C04F79EFBC}") = "Atividade_2_Condicao", "Atividade_2_Condicao\Atividade_2_Condicao.csproj", "{EE56F75C-7FB1-4EF7-8BA4-0B6D5E072B13}"
EndProject
Global
	GlobalSection(SolutionConfigurationPlatforms) = preSolution
		Debug|Any CPU = Debug|Any CPU
		Release|Any CPU = Release|Any CPU
	EndGlobalSection
	GlobalSection(ProjectConfigurationPlatforms) = postSolution
		{EE56F75C-7FB1-4EF7-8BA4-0B6D5E072B13}.Debug|Any CPU.ActiveCfg = Debug|Any CPU
		{EE56F75C-7FB1-4EF7-8BA4-0B6D5E072B13}.Debug|Any CPU.Build.0 = Debug|Any CPU
		{EE56F75C-7FB1-4EF7-8BA4-0B6D5E072B13}.Release|Any CPU.ActiveCfg = Release|Any CPU
		{EE56F75C-7FB1-4EF7-8BA4-0B6D5E072B13}.Release|Any CPU.Build.0 = Release|Any CPU
	EndGlobalSection
	GlobalSection(SolutionProperties) = preSolution
		HideSolutionNode = FALSE
	EndGlobalSection
	GlobalSection(ExtensibilityGlobals) = postSolution
		SolutionGuid = {82B7E233-99B2-4BBA-9EB1-6E803C05BE1F}
	EndGlobalSection
EndGlobal
