
Microsoft Visual Studio Solution File, Format Version 12.00
# Visual Studio Version 16
VisualStudioVersion = 16.0.30320.27
MinimumVisualStudioVersion = 10.0.40219.1
Project("{FAE04EC0-301F-11D3-BF4B-00C04F79EFBC}") = "Atividade_5_Condicao", "Atividade_5_Condicao\Atividade_5_Condicao.csproj", "{2002BD2D-9EC2-457C-888A-B7CE3E8BF225}"
EndProject
Global
	GlobalSection(SolutionConfigurationPlatforms) = preSolution
		Debug|Any CPU = Debug|Any CPU
		Release|Any CPU = Release|Any CPU
	EndGlobalSection
	GlobalSection(ProjectConfigurationPlatforms) = postSolution
		{2002BD2D-9EC2-457C-888A-B7CE3E8BF225}.Debug|Any CPU.ActiveCfg = Debug|Any CPU
		{2002BD2D-9EC2-457C-888A-B7CE3E8BF225}.Debug|Any CPU.Build.0 = Debug|Any CPU
		{2002BD2D-9EC2-457C-888A-B7CE3E8BF225}.Release|Any CPU.ActiveCfg = Release|Any CPU
		{2002BD2D-9EC2-457C-888A-B7CE3E8BF225}.Release|Any CPU.Build.0 = Release|Any CPU
	EndGlobalSection
	GlobalSection(SolutionProperties) = preSolution
		HideSolutionNode = FALSE
	EndGlobalSection
	GlobalSection(ExtensibilityGlobals) = postSolution
		SolutionGuid = {C2F8FA74-EB80-44F8-9C34-2CEB497C016B}
	EndGlobalSection
EndGlobal
