
Microsoft Visual Studio Solution File, Format Version 12.00
# Visual Studio Version 16
VisualStudioVersion = 16.0.30320.27
MinimumVisualStudioVersion = 10.0.40219.1
Project("{FAE04EC0-301F-11D3-BF4B-00C04F79EFBC}") = "Criança_Esperança", "Criança_Esperança\Criança_Esperança.csproj", "{4DB3FF89-C87D-49A3-93E7-A6F23E8EB26F}"
EndProject
Global
	GlobalSection(SolutionConfigurationPlatforms) = preSolution
		Debug|Any CPU = Debug|Any CPU
		Release|Any CPU = Release|Any CPU
	EndGlobalSection
	GlobalSection(ProjectConfigurationPlatforms) = postSolution
		{4DB3FF89-C87D-49A3-93E7-A6F23E8EB26F}.Debug|Any CPU.ActiveCfg = Debug|Any CPU
		{4DB3FF89-C87D-49A3-93E7-A6F23E8EB26F}.Debug|Any CPU.Build.0 = Debug|Any CPU
		{4DB3FF89-C87D-49A3-93E7-A6F23E8EB26F}.Release|Any CPU.ActiveCfg = Release|Any CPU
		{4DB3FF89-C87D-49A3-93E7-A6F23E8EB26F}.Release|Any CPU.Build.0 = Release|Any CPU
	EndGlobalSection
	GlobalSection(SolutionProperties) = preSolution
		HideSolutionNode = FALSE
	EndGlobalSection
	GlobalSection(ExtensibilityGlobals) = postSolution
		SolutionGuid = {1489CD8A-6A08-40AB-BB91-B67D2BE0F997}
	EndGlobalSection
EndGlobal
